
Microsoft Visual Studio Solution File, Format Version 12.00
# Visual Studio Version 17
VisualStudioVersion = 17.8.34408.163
MinimumVisualStudioVersion = 10.0.40219.1
Project("{9A19103F-16F7-4668-BE54-9A1E7A4F7556}") = "Data", "Data\Data.csproj", "{69234537-2D33-4F4E-B6C3-F5565799E244}"
EndProject
Project("{9A19103F-16F7-4668-BE54-9A1E7A4F7556}") = "Service", "Service\Service.csproj", "{1755E9AD-B052-43DF-8CD3-E27333CB4A1B}"
EndProject
Project("{9A19103F-16F7-4668-BE54-9A1E7A4F7556}") = "ATO_API", "ATO_API\ATO_API.csproj", "{2A52EB94-2887-458C-91D5-51D4EBE6855A}"
EndProject
Project("{E53339B2-1760-4266-BCC7-CA923CBCF16C}") = "docker-compose", "docker-compose.dcproj", "{2CBC78FC-D855-4563-8573-579BB90A0C5A}"
EndProject
Global
	GlobalSection(SolutionConfigurationPlatforms) = preSolution
		Debug|Any CPU = Debug|Any CPU
		Release|Any CPU = Release|Any CPU
	EndGlobalSection
	GlobalSection(ProjectConfigurationPlatforms) = postSolution
		{69234537-2D33-4F4E-B6C3-F5565799E244}.Debug|Any CPU.ActiveCfg = Debug|Any CPU
		{69234537-2D33-4F4E-B6C3-F5565799E244}.Debug|Any CPU.Build.0 = Debug|Any CPU
		{69234537-2D33-4F4E-B6C3-F5565799E244}.Release|Any CPU.ActiveCfg = Release|Any CPU
		{69234537-2D33-4F4E-B6C3-F5565799E244}.Release|Any CPU.Build.0 = Release|Any CPU
		{1755E9AD-B052-43DF-8CD3-E27333CB4A1B}.Debug|Any CPU.ActiveCfg = Debug|Any CPU
		{1755E9AD-B052-43DF-8CD3-E27333CB4A1B}.Debug|Any CPU.Build.0 = Debug|Any CPU
		{1755E9AD-B052-43DF-8CD3-E27333CB4A1B}.Release|Any CPU.ActiveCfg = Release|Any CPU
		{1755E9AD-B052-43DF-8CD3-E27333CB4A1B}.Release|Any CPU.Build.0 = Release|Any CPU
		{2A52EB94-2887-458C-91D5-51D4EBE6855A}.Debug|Any CPU.ActiveCfg = Debug|Any CPU
		{2A52EB94-2887-458C-91D5-51D4EBE6855A}.Debug|Any CPU.Build.0 = Debug|Any CPU
		{2A52EB94-2887-458C-91D5-51D4EBE6855A}.Release|Any CPU.ActiveCfg = Release|Any CPU
		{2A52EB94-2887-458C-91D5-51D4EBE6855A}.Release|Any CPU.Build.0 = Release|Any CPU
		{2CBC78FC-D855-4563-8573-579BB90A0C5A}.Debug|Any CPU.ActiveCfg = Debug|Any CPU
		{2CBC78FC-D855-4563-8573-579BB90A0C5A}.Debug|Any CPU.Build.0 = Debug|Any CPU
		{2CBC78FC-D855-4563-8573-579BB90A0C5A}.Release|Any CPU.ActiveCfg = Release|Any CPU
		{2CBC78FC-D855-4563-8573-579BB90A0C5A}.Release|Any CPU.Build.0 = Release|Any CPU
	EndGlobalSection
	GlobalSection(SolutionProperties) = preSolution
		HideSolutionNode = FALSE
	EndGlobalSection
	GlobalSection(ExtensibilityGlobals) = postSolution
		SolutionGuid = {8EBFE816-28E8-483E-AB90-A1B3658BBC0C}
	EndGlobalSection
EndGlobal
